
Microsoft Visual Studio Solution File, Format Version 12.00
# Visual Studio Version 16
VisualStudioVersion = 16.0.31025.194
MinimumVisualStudioVersion = 10.0.40219.1
Project("{9A19103F-16F7-4668-BE54-9A1E7A4F7556}") = "MockDataGeneration", "MockDataGeneration\MockDataGeneration.csproj", "{192430A7-4992-4A64-9846-FCA74DD177BE}"
EndProject
Global
	GlobalSection(SolutionConfigurationPlatforms) = preSolution
		Debug|Any CPU = Debug|Any CPU
		Release|Any CPU = Release|Any CPU
	EndGlobalSection
	GlobalSection(ProjectConfigurationPlatforms) = postSolution
		{192430A7-4992-4A64-9846-FCA74DD177BE}.Debug|Any CPU.ActiveCfg = Debug|Any CPU
		{192430A7-4992-4A64-9846-FCA74DD177BE}.Debug|Any CPU.Build.0 = Debug|Any CPU
		{192430A7-4992-4A64-9846-FCA74DD177BE}.Release|Any CPU.ActiveCfg = Release|Any CPU
		{192430A7-4992-4A64-9846-FCA74DD177BE}.Release|Any CPU.Build.0 = Release|Any CPU
	EndGlobalSection
	GlobalSection(SolutionProperties) = preSolution
		HideSolutionNode = FALSE
	EndGlobalSection
	GlobalSection(ExtensibilityGlobals) = postSolution
		SolutionGuid = {0F5D10DE-2DF6-4AB6-9265-392374886A1E}
	EndGlobalSection
EndGlobal
